
Microsoft Visual Studio Solution File, Format Version 12.00
# Visual Studio Version 17
VisualStudioVersion = 17.3.32804.467
MinimumVisualStudioVersion = 10.0.40219.1
Project("{9A19103F-16F7-4668-BE54-9A1E7A4F7556}") = "Catalago_Blazor.Server", "Catalago_Blazor\Server\Catalago_Blazor.Server.csproj", "{B8F93F96-C145-4A82-ACFA-295BADF0D2DC}"
EndProject
Project("{9A19103F-16F7-4668-BE54-9A1E7A4F7556}") = "Catalago_Blazor.Client", "Catalago_Blazor\Client\Catalago_Blazor.Client.csproj", "{67682440-C4D1-43FB-90AF-A57BD7D4B80C}"
EndProject
Project("{9A19103F-16F7-4668-BE54-9A1E7A4F7556}") = "Catalago_Blazor.Shared", "Catalago_Blazor\Shared\Catalago_Blazor.Shared.csproj", "{8266DC54-1AD2-431D-ABDB-111718E04DA3}"
EndProject
Global
	GlobalSection(SolutionConfigurationPlatforms) = preSolution
		Debug|Any CPU = Debug|Any CPU
		Release|Any CPU = Release|Any CPU
	EndGlobalSection
	GlobalSection(ProjectConfigurationPlatforms) = postSolution
		{B8F93F96-C145-4A82-ACFA-295BADF0D2DC}.Debug|Any CPU.ActiveCfg = Debug|Any CPU
		{B8F93F96-C145-4A82-ACFA-295BADF0D2DC}.Debug|Any CPU.Build.0 = Debug|Any CPU
		{B8F93F96-C145-4A82-ACFA-295BADF0D2DC}.Release|Any CPU.ActiveCfg = Release|Any CPU
		{B8F93F96-C145-4A82-ACFA-295BADF0D2DC}.Release|Any CPU.Build.0 = Release|Any CPU
		{67682440-C4D1-43FB-90AF-A57BD7D4B80C}.Debug|Any CPU.ActiveCfg = Debug|Any CPU
		{67682440-C4D1-43FB-90AF-A57BD7D4B80C}.Debug|Any CPU.Build.0 = Debug|Any CPU
		{67682440-C4D1-43FB-90AF-A57BD7D4B80C}.Release|Any CPU.ActiveCfg = Release|Any CPU
		{67682440-C4D1-43FB-90AF-A57BD7D4B80C}.Release|Any CPU.Build.0 = Release|Any CPU
		{8266DC54-1AD2-431D-ABDB-111718E04DA3}.Debug|Any CPU.ActiveCfg = Debug|Any CPU
		{8266DC54-1AD2-431D-ABDB-111718E04DA3}.Debug|Any CPU.Build.0 = Debug|Any CPU
		{8266DC54-1AD2-431D-ABDB-111718E04DA3}.Release|Any CPU.ActiveCfg = Release|Any CPU
		{8266DC54-1AD2-431D-ABDB-111718E04DA3}.Release|Any CPU.Build.0 = Release|Any CPU
	EndGlobalSection
	GlobalSection(SolutionProperties) = preSolution
		HideSolutionNode = FALSE
	EndGlobalSection
	GlobalSection(ExtensibilityGlobals) = postSolution
		SolutionGuid = {09A25C5F-9773-49E6-B026-2FF14F4E3DC7}
	EndGlobalSection
EndGlobal
